
Microsoft Visual Studio Solution File, Format Version 12.00
# Visual Studio Version 16
VisualStudioVersion = 16.0.29905.134
MinimumVisualStudioVersion = 10.0.40219.1
Project("{FAE04EC0-301F-11D3-BF4B-00C04F79EFBC}") = "LINQ Lab", "LINQ Lab\LINQ Lab.csproj", "{B718E73C-684C-407F-B63D-8309E57A8265}"
EndProject
Global
	GlobalSection(SolutionConfigurationPlatforms) = preSolution
		Debug|Any CPU = Debug|Any CPU
		Release|Any CPU = Release|Any CPU
	EndGlobalSection
	GlobalSection(ProjectConfigurationPlatforms) = postSolution
		{B718E73C-684C-407F-B63D-8309E57A8265}.Debug|Any CPU.ActiveCfg = Debug|Any CPU
		{B718E73C-684C-407F-B63D-8309E57A8265}.Debug|Any CPU.Build.0 = Debug|Any CPU
		{B718E73C-684C-407F-B63D-8309E57A8265}.Release|Any CPU.ActiveCfg = Release|Any CPU
		{B718E73C-684C-407F-B63D-8309E57A8265}.Release|Any CPU.Build.0 = Release|Any CPU
	EndGlobalSection
	GlobalSection(SolutionProperties) = preSolution
		HideSolutionNode = FALSE
	EndGlobalSection
	GlobalSection(ExtensibilityGlobals) = postSolution
		SolutionGuid = {21C9D4F6-E7E5-457B-B703-8D9D39D71683}
	EndGlobalSection
EndGlobal
